
Microsoft Visual Studio Solution File, Format Version 12.00
# Visual Studio Version 17
VisualStudioVersion = 17.8.34408.163
MinimumVisualStudioVersion = 10.0.40219.1
Project("{9A19103F-16F7-4668-BE54-9A1E7A4F7556}") = "Idiomas.CRUD.Api", "Idiomas.CRUD.Api\Idiomas.CRUD.Api.csproj", "{04A93AEE-4775-4793-8A4A-B6602232F68E}"
EndProject
Project("{9A19103F-16F7-4668-BE54-9A1E7A4F7556}") = "Idiomas.CRUD.Application", "Idiomas.CRUD.Application\Idiomas.CRUD.Application.csproj", "{8E4B9F61-CEFA-44B5-9E7E-069B89D643BA}"
EndProject
Project("{9A19103F-16F7-4668-BE54-9A1E7A4F7556}") = "Idiomas.CRUD.Domain", "Idiomas.CRUD.Domain\Idiomas.CRUD.Domain.csproj", "{86C9516F-7B16-43BB-9609-6BDDDC890DB4}"
EndProject
Project("{9A19103F-16F7-4668-BE54-9A1E7A4F7556}") = "Idiomas.CRUD.Infraestructure", "Idiomas.CRUD.Infraestructure\Idiomas.CRUD.Infraestructure.csproj", "{0EA91043-9B57-4E02-B34E-9ABEB48540F6}"
EndProject
Project("{FAE04EC0-301F-11D3-BF4B-00C04F79EFBC}") = "Idiomas.CRUD.Web", "Idiomas.CRUD.Web\Idiomas.CRUD.Web.csproj", "{2CF9A7E1-D10E-44F5-98F3-B6DAA18FF889}"
EndProject
Global
	GlobalSection(SolutionConfigurationPlatforms) = preSolution
		Debug|Any CPU = Debug|Any CPU
		Release|Any CPU = Release|Any CPU
	EndGlobalSection
	GlobalSection(ProjectConfigurationPlatforms) = postSolution
		{04A93AEE-4775-4793-8A4A-B6602232F68E}.Debug|Any CPU.ActiveCfg = Debug|Any CPU
		{04A93AEE-4775-4793-8A4A-B6602232F68E}.Debug|Any CPU.Build.0 = Debug|Any CPU
		{04A93AEE-4775-4793-8A4A-B6602232F68E}.Release|Any CPU.ActiveCfg = Release|Any CPU
		{04A93AEE-4775-4793-8A4A-B6602232F68E}.Release|Any CPU.Build.0 = Release|Any CPU
		{8E4B9F61-CEFA-44B5-9E7E-069B89D643BA}.Debug|Any CPU.ActiveCfg = Debug|Any CPU
		{8E4B9F61-CEFA-44B5-9E7E-069B89D643BA}.Debug|Any CPU.Build.0 = Debug|Any CPU
		{8E4B9F61-CEFA-44B5-9E7E-069B89D643BA}.Release|Any CPU.ActiveCfg = Release|Any CPU
		{8E4B9F61-CEFA-44B5-9E7E-069B89D643BA}.Release|Any CPU.Build.0 = Release|Any CPU
		{86C9516F-7B16-43BB-9609-6BDDDC890DB4}.Debug|Any CPU.ActiveCfg = Debug|Any CPU
		{86C9516F-7B16-43BB-9609-6BDDDC890DB4}.Debug|Any CPU.Build.0 = Debug|Any CPU
		{86C9516F-7B16-43BB-9609-6BDDDC890DB4}.Release|Any CPU.ActiveCfg = Release|Any CPU
		{86C9516F-7B16-43BB-9609-6BDDDC890DB4}.Release|Any CPU.Build.0 = Release|Any CPU
		{0EA91043-9B57-4E02-B34E-9ABEB48540F6}.Debug|Any CPU.ActiveCfg = Debug|Any CPU
		{0EA91043-9B57-4E02-B34E-9ABEB48540F6}.Debug|Any CPU.Build.0 = Debug|Any CPU
		{0EA91043-9B57-4E02-B34E-9ABEB48540F6}.Release|Any CPU.ActiveCfg = Release|Any CPU
		{0EA91043-9B57-4E02-B34E-9ABEB48540F6}.Release|Any CPU.Build.0 = Release|Any CPU
		{2CF9A7E1-D10E-44F5-98F3-B6DAA18FF889}.Debug|Any CPU.ActiveCfg = Debug|Any CPU
		{2CF9A7E1-D10E-44F5-98F3-B6DAA18FF889}.Debug|Any CPU.Build.0 = Debug|Any CPU
		{2CF9A7E1-D10E-44F5-98F3-B6DAA18FF889}.Release|Any CPU.ActiveCfg = Release|Any CPU
		{2CF9A7E1-D10E-44F5-98F3-B6DAA18FF889}.Release|Any CPU.Build.0 = Release|Any CPU
	EndGlobalSection
	GlobalSection(SolutionProperties) = preSolution
		HideSolutionNode = FALSE
	EndGlobalSection
	GlobalSection(ExtensibilityGlobals) = postSolution
		SolutionGuid = {E37876FD-2C76-4700-9A95-4A683012F092}
	EndGlobalSection
EndGlobal
